
Microsoft Visual Studio Solution File, Format Version 12.00
# Visual Studio Version 17
VisualStudioVersion = 17.5.33424.131
MinimumVisualStudioVersion = 10.0.40219.1
Project("{8BC9CEB8-8B4A-11D0-8D11-00A0C91BC942}") = "Save up", "Save up.vcxproj", "{EBDB1BA3-604A-43C2-9595-FDDD682443D8}"
EndProject
Global
	GlobalSection(SolutionConfigurationPlatforms) = preSolution
		Debug|x64 = Debug|x64
		Debug|x86 = Debug|x86
		Release|x64 = Release|x64
		Release|x86 = Release|x86
	EndGlobalSection
	GlobalSection(ProjectConfigurationPlatforms) = postSolution
		{EBDB1BA3-604A-43C2-9595-FDDD682443D8}.Debug|x64.ActiveCfg = Debug|x64
		{EBDB1BA3-604A-43C2-9595-FDDD682443D8}.Debug|x64.Build.0 = Debug|x64
		{EBDB1BA3-604A-43C2-9595-FDDD682443D8}.Debug|x86.ActiveCfg = Debug|Win32
		{EBDB1BA3-604A-43C2-9595-FDDD682443D8}.Debug|x86.Build.0 = Debug|Win32
		{EBDB1BA3-604A-43C2-9595-FDDD682443D8}.Release|x64.ActiveCfg = Release|x64
		{EBDB1BA3-604A-43C2-9595-FDDD682443D8}.Release|x64.Build.0 = Release|x64
		{EBDB1BA3-604A-43C2-9595-FDDD682443D8}.Release|x86.ActiveCfg = Release|Win32
		{EBDB1BA3-604A-43C2-9595-FDDD682443D8}.Release|x86.Build.0 = Release|Win32
	EndGlobalSection
	GlobalSection(SolutionProperties) = preSolution
		HideSolutionNode = FALSE
	EndGlobalSection
	GlobalSection(ExtensibilityGlobals) = postSolution
		SolutionGuid = {33F4F801-EAC8-4981-8CC7-7AEE53623A9E}
	EndGlobalSection
EndGlobal
